<?xml version="1.0" encoding="utf-8"?>
<Project ToolsVersion="4.0" xmlns="http://schemas.microsoft.com/developer/msbuild/2003">
  <ItemGroup>
    <Filter Include="Source Files">
      <UniqueIdentifier>{4FC737F1-C7A5-4376-A066-2A32D752A2FF}</UniqueIdentifier>
      <Extensions>cpp;c;cc;cxx;c++;cppm;ixx;def;odl;idl;hpj;bat;asm;asmx</Extensions>
    </Filter>
    <Filter Include="Header Files">
      <UniqueIdentifier>{93995380-89BD-4b04-88EB-625FBE52EBFB}</UniqueIdentifier>
      <Extensions>h;hh;hpp;hxx;h++;hm;inl;inc;ipp;xsd</Extensions>
    </Filter>
    <Filter Include="Resource Files">
      <UniqueIdentifier>{67DA6AB6-F800-4c08-8B7A-83BB121AAD01}</UniqueIdentifier>
      <Extensions>rc;ico;cur;bmp;dlg;rc2;rct;bin;rgs;gif;jpg;jpeg;jpe;resx;tiff;tif;png;wav;mfcribbon-ms</Extensions>
    </Filter>
    <Filter Include="Header Files\Editor">
      <UniqueIdentifier>{d05b6255-fbfc-4862-bfc6-220a356effb7}</UniqueIdentifier>
    </Filter>
    <Filter Include="Header Files\Renderer">
      <UniqueIdentifier>{c615aa0a-dd2b-443b-a3dd-022418c7c8d2}</UniqueIdentifier>
    </Filter>
    <Filter Include="Header Files\Renderer\Helper">
      <UniqueIdentifier>{a5290896-c3af-4f36-bd73-da082f18c08d}</UniqueIdentifier>
    </Filter>
    <Filter Include="Header Files\Renderer\Pipelines">
      <UniqueIdentifier>{73cad9b4-689c-4506-a8b7-cd2473e1d820}</UniqueIdentifier>
    </Filter>
    <Filter Include="Header Files\Engine">
      <UniqueIdentifier>{fa4c4a35-b5fc-4fe7-afdf-283ce1a2c54b}</UniqueIdentifier>
    </Filter>
  </ItemGroup>
  <ItemGroup>
    <ClCompile Include="main.cpp">
      <Filter>Source Files</Filter>
    </ClCompile>
  </ItemGroup>
  <ItemGroup>
    <ClInclude Include="Helper.h">
      <Filter>Source Files</Filter>
    </ClInclude>
    <ClInclude Include="Renderer\Pipelines\BlurPipeline.h">
      <Filter>Header Files\Renderer\Pipelines</Filter>
    </ClInclude>
    <ClInclude Include="Renderer\Pipelines\DebugPipeline.h">
      <Filter>Header Files\Renderer\Pipelines</Filter>
    </ClInclude>
    <ClInclude Include="Renderer\Pipelines\ScenePipeline.h">
      <Filter>Header Files\Renderer\Pipelines</Filter>
    </ClInclude>
    <ClInclude Include="Renderer\Pipelines\ShadowPipeline.h">
      <Filter>Header Files\Renderer\Pipelines</Filter>
    </ClInclude>
    <ClInclude Include="Editor\AssetBrowser.h">
      <Filter>Header Files\Editor</Filter>
    </ClInclude>
    <ClInclude Include="Editor\Editor.h">
      <Filter>Header Files\Editor</Filter>
    </ClInclude>
    <ClInclude Include="Editor\EntityManager.h">
      <Filter>Header Files\Editor</Filter>
    </ClInclude>
    <ClInclude Include="Editor\Inspector.h">
      <Filter>Header Files\Editor</Filter>
    </ClInclude>
    <ClInclude Include="Editor\SceneManager.h">
      <Filter>Header Files\Editor</Filter>
    </ClInclude>
    <ClInclude Include="Renderer\Pipelines\BlurHelper.h">
      <Filter>Header Files\Renderer\Pipelines</Filter>
    </ClInclude>
    <ClInclude Include="Renderer\Pipelines\DebugHelper.h">
      <Filter>Header Files\Renderer\Pipelines</Filter>
    </ClInclude>
    <ClInclude Include="Renderer\Pipelines\SceneHelper.h">
      <Filter>Header Files\Renderer\Pipelines</Filter>
    </ClInclude>
    <ClInclude Include="Renderer\Pipelines\ShadowHelper.h">
      <Filter>Header Files\Renderer\Pipelines</Filter>
    </ClInclude>
    <ClInclude Include="Renderer\Pipelines\SwapChainHelper.h">
      <Filter>Header Files\Renderer\Pipelines</Filter>
    </ClInclude>
    <ClInclude Include="Renderer\Helper\Buffers.h">
      <Filter>Header Files\Renderer\Helper</Filter>
    </ClInclude>
    <ClInclude Include="Renderer\Helper\DescriptorPool.h">
      <Filter>Header Files\Renderer\Helper</Filter>
    </ClInclude>
    <ClInclude Include="Renderer\Helper\DescriptorSetLayouts.h">
      <Filter>Header Files\Renderer\Helper</Filter>
    </ClInclude>
    <ClInclude Include="Renderer\Helper\RendererHelper.h">
      <Filter>Header Files\Renderer\Helper</Filter>
    </ClInclude>
    <ClInclude Include="Renderer\Helper\GUI.h">
      <Filter>Header Files\Renderer\Helper</Filter>
    </ClInclude>
    <ClInclude Include="Renderer\Helper\Meshes.h">
      <Filter>Header Files\Renderer\Helper</Filter>
    </ClInclude>
    <ClInclude Include="Renderer\Helper\Sampler.h">
      <Filter>Header Files\Renderer\Helper</Filter>
    </ClInclude>
    <ClInclude Include="Renderer\Pipelines\SSRHelper.h">
      <Filter>Header Files\Renderer\Pipelines</Filter>
    </ClInclude>
    <ClInclude Include="Renderer\Pipelines\SSRPipeline.h">
      <Filter>Header Files\Renderer\Pipelines</Filter>
    </ClInclude>
    <ClInclude Include="Renderer\Pipelines\SwapChainPipeline.h">
      <Filter>Header Files\Renderer\Pipelines</Filter>
    </ClInclude>
    <ClInclude Include="Engine\AudioEngine.h">
      <Filter>Header Files\Engine</Filter>
    </ClInclude>
    <ClInclude Include="Engine\FpsCamera.h">
      <Filter>Header Files\Engine</Filter>
    </ClInclude>
    <ClInclude Include="Engine\FrustumCulling.h">
      <Filter>Header Files\Engine</Filter>
    </ClInclude>
    <ClInclude Include="Engine\ScriptEngine.h">
      <Filter>Header Files\Engine</Filter>
    </ClInclude>
    <ClInclude Include="Engine\Engine.h">
      <Filter>Header Files\Engine</Filter>
    </ClInclude>
    <ClInclude Include="Engine\ImageCompression.h">
      <Filter>Header Files\Engine</Filter>
    </ClInclude>
    <ClInclude Include="Editor\EditorUI.h">
      <Filter>Header Files\Editor</Filter>
    </ClInclude>
    <ClInclude Include="Engine\ECS.h">
      <Filter>Header Files\Engine</Filter>
    </ClInclude>
    <ClInclude Include="Engine\Scene.h">
      <Filter>Header Files\Engine</Filter>
    </ClInclude>
    <ClInclude Include="Renderer\Pipelines\GBufferHelper.h">
      <Filter>Header Files\Renderer\Pipelines</Filter>
    </ClInclude>
    <ClInclude Include="Renderer\Pipelines\GBufferPipeline.h">
      <Filter>Header Files\Renderer\Pipelines</Filter>
    </ClInclude>
    <ClInclude Include="Renderer\Pipelines\SSAOHelper.h">
      <Filter>Header Files\Renderer\Pipelines</Filter>
    </ClInclude>
    <ClInclude Include="Renderer\Pipelines\SSAOPipeline.h">
      <Filter>Header Files\Renderer\Pipelines</Filter>
    </ClInclude>
    <ClInclude Include="Renderer\Renderer.h">
      <Filter>Header Files\Renderer</Filter>
    </ClInclude>
    <ClInclude Include="Renderer\Pipelines\SSAOBlurHelper.h">
      <Filter>Header Files\Renderer\Pipelines</Filter>
    </ClInclude>
    <ClInclude Include="Renderer\Pipelines\SSAOBlurPipeline.h">
      <Filter>Header Files\Renderer\Pipelines</Filter>
    </ClInclude>
  </ItemGroup>
  <ItemGroup>
    <None Include="Data\Shader\BlurFragment.frag">
      <Filter>Resource Files</Filter>
    </None>
    <None Include="Data\Shader\OffscreenVertex.vert">
      <Filter>Resource Files</Filter>
    </None>
    <None Include="Data\Shader\DebugFragment.frag">
      <Filter>Resource Files</Filter>
    </None>
    <None Include="Data\Shader\DebugVertex.vert">
      <Filter>Resource Files</Filter>
    </None>
    <None Include="Data\Shader\GUIFragment.frag">
      <Filter>Resource Files</Filter>
    </None>
    <None Include="Data\Shader\GUIVertex.vert">
      <Filter>Resource Files</Filter>
    </None>
    <None Include="Data\Shader\SceneFragment.frag">
      <Filter>Resource Files</Filter>
    </None>
    <None Include="Data\Shader\SceneVertex.vert">
      <Filter>Resource Files</Filter>
    </None>
    <None Include="Data\Shader\ShadowFragment.frag">
      <Filter>Resource Files</Filter>
    </None>
    <None Include="Data\Shader\ShadowVertex.vert">
      <Filter>Resource Files</Filter>
    </None>
    <None Include="Data\Shader\SwapChainFragment.frag">
      <Filter>Resource Files</Filter>
    </None>
    <None Include="Data\Shader\SSRFragment.frag">
      <Filter>Resource Files</Filter>
    </None>
    <None Include="Data\Shader\GBufferFragment.frag">
      <Filter>Resource Files</Filter>
    </None>
    <None Include="Data\Shader\GBufferVertex.vert">
      <Filter>Resource Files</Filter>
    </None>
    <None Include="Data\Shader\SSAOFragment.frag">
      <Filter>Resource Files</Filter>
    </None>
    <None Include="Data\Shader\SSAOBlurFragment.frag">
      <Filter>Resource Files</Filter>
    </None>
  </ItemGroup>
</Project>